
Microsoft Visual Studio Solution File, Format Version 12.00
# Visual Studio Version 17
VisualStudioVersion = 17.13.36105.23 d17.13
MinimumVisualStudioVersion = 10.0.40219.1
Project("{FAE04EC0-301F-11D3-BF4B-00C04F79EFBC}") = "selenium-csharp-ui-automation-framework", "selenium-csharp-ui-automation-framework.csproj", "{EEBF3A23-6B71-41FC-9796-67403CA1A654}"
EndProject
Global
	GlobalSection(SolutionConfigurationPlatforms) = preSolution
		Debug|Any CPU = Debug|Any CPU
		Release|Any CPU = Release|Any CPU
	EndGlobalSection
	GlobalSection(ProjectConfigurationPlatforms) = postSolution
		{EEBF3A23-6B71-41FC-9796-67403CA1A654}.Debug|Any CPU.ActiveCfg = Debug|Any CPU
		{EEBF3A23-6B71-41FC-9796-67403CA1A654}.Debug|Any CPU.Build.0 = Debug|Any CPU
		{EEBF3A23-6B71-41FC-9796-67403CA1A654}.Release|Any CPU.ActiveCfg = Release|Any CPU
		{EEBF3A23-6B71-41FC-9796-67403CA1A654}.Release|Any CPU.Build.0 = Release|Any CPU
	EndGlobalSection
	GlobalSection(SolutionProperties) = preSolution
		HideSolutionNode = FALSE
	EndGlobalSection
	GlobalSection(ExtensibilityGlobals) = postSolution
		SolutionGuid = {2AFAC8EB-02CC-43DA-BCEC-554B580ABECF}
	EndGlobalSection
EndGlobal
